// !$*UTF8*$!
{
	archiveVersion = 1;
	classes = {
	};
	objectVersion = 46;
	objects = {

/* Begin PBXBuildFile section */
		DEE7EFCE1A96ECD400D56710 /* main.m in Sources */ = {isa = PBXBuildFile; fileRef = DEE7EFCD1A96ECD400D56710 /* main.m */; };
		DEE7EFD11A96ECD400D56710 /* AppDelegate.m in Sources */ = {isa = PBXBuildFile; fileRef = DEE7EFD01A96ECD400D56710 /* AppDelegate.m */; };
		DEE7EFD41A96ECD400D56710 /* FirstViewController.m in Sources */ = {isa = PBXBuildFile; fileRef = DEE7EFD31A96ECD400D56710 /* FirstViewController.m */; };
		DEE7EFD71A96ECD400D56710 /* SecondViewController.m in Sources */ = {isa = PBXBuildFile; fileRef = DEE7EFD61A96ECD400D56710 /* SecondViewController.m */; };
		DEE7EFDA1A96ECD400D56710 /* Main.storyboard in Resources */ = {isa = PBXBuildFile; fileRef = DEE7EFD81A96ECD400D56710 /* Main.storyboard */; };
		DEE7EFDC1A96ECD400D56710 /* Images.xcassets in Resources */ = {isa = PBXBuildFile; fileRef = DEE7EFDB1A96ECD400D56710 /* Images.xcassets */; };
		DEE7EFDF1A96ECD400D56710 /* LaunchScreen.xib in Resources */ = {isa = PBXBuildFile; fileRef = DEE7EFDD1A96ECD400D56710 /* LaunchScreen.xib */; };
		DEE7EFEB1A96ECD400D56710 /* TabbedAppTests.m in Sources */ = {isa = PBXBuildFile; fileRef = DEE7EFEA1A96ECD400D56710 /* TabbedAppTests.m */; };
/* End PBXBuildFile section */

/* Begin PBXContainerItemProxy section */
		DEE7EFE51A96ECD400D56710 /* PBXContainerItemProxy */ = {
			isa = PBXContainerItemProxy;
			containerPortal = DEE7EFC01A96ECD400D56710 /* Project object */;
			proxyType = 1;
			remoteGlobalIDString = DEE7EFC71A96ECD400D56710;
			remoteInfo = TabbedApp;
		};
/* End PBXContainerItemProxy section */

/* Begin PBXFileReference section */
		DEE7EFC81A96ECD400D56710 /* TabbedApp.app */ = {isa = PBXFileReference; explicitFileType = wrapper.application; includeInIndex = 0; path = TabbedApp.app; sourceTree = BUILT_PRODUCTS_DIR; };
		DEE7EFCC1A96ECD400D56710 /* Info.plist */ = {isa = PBXFileReference; lastKnownFileType = text.plist.xml; path = Info.plist; sourceTree = "<group>"; };
		DEE7EFCD1A96ECD400D56710 /* main.m */ = {isa = PBXFileReference; lastKnownFileType = sourcecode.c.objc; path = main.m; sourceTree = "<group>"; };
		DEE7EFCF1A96ECD400D56710 /* AppDelegate.h */ = {isa = PBXFileReference; lastKnownFileType = sourcecode.c.h; path = AppDelegate.h; sourceTree = "<group>"; };
		DEE7EFD01A96ECD400D56710 /* AppDelegate.m */ = {isa = PBXFileReference; lastKnownFileType = sourcecode.c.objc; path = AppDelegate.m; sourceTree = "<group>"; };
		DEE7EFD21A96ECD400D56710 /* FirstViewController.h */ = {isa = PBXFileReference; lastKnownFileType = sourcecode.c.h; path = FirstViewController.h; sourceTree = "<group>"; };
		DEE7EFD31A96ECD400D56710 /* FirstViewController.m */ = {isa = PBXFileReference; lastKnownFileType = sourcecode.c.objc; path = FirstViewController.m; sourceTree = "<group>"; };
		DEE7EFD51A96ECD400D56710 /* SecondViewController.h */ = {isa = PBXFileReference; lastKnownFileType = sourcecode.c.h; path = SecondViewController.h; sourceTree = "<group>"; };
		DEE7EFD61A96ECD400D56710 /* SecondViewController.m */ = {isa = PBXFileReference; lastKnownFileType = sourcecode.c.objc; path = SecondViewController.m; sourceTree = "<group>"; };
		DEE7EFD91A96ECD400D56710 /* Base */ = {isa = PBXFileReference; lastKnownFileType = file.storyboard; name = Base; path = Base.lproj/Main.storyboard; sourceTree = "<group>"; };
		DEE7EFDB1A96ECD400D56710 /* Images.xcassets */ = {isa = PBXFileReference; lastKnownFileType = folder.assetcatalog; path = Images.xcassets; sourceTree = "<group>"; };
		DEE7EFDE1A96ECD400D56710 /* Base */ = {isa = PBXFileReference; lastKnownFileType = file.xib; name = Base; path = Base.lproj/LaunchScreen.xib; sourceTree = "<group>"; };
		DEE7EFE41A96ECD400D56710 /* TabbedAppTests.xctest */ = {isa = PBXFileReference; explicitFileType = wrapper.cfbundle; includeInIndex = 0; path = TabbedAppTests.xctest; sourceTree = BUILT_PRODUCTS_DIR; };
		DEE7EFE91A96ECD400D56710 /* Info.plist */ = {isa = PBXFileReference; lastKnownFileType = text.plist.xml; path = Info.plist; sourceTree = "<group>"; };
		DEE7EFEA1A96ECD400D56710 /* TabbedAppTests.m */ = {isa = PBXFileReference; lastKnownFileType = sourcecode.c.objc; path = TabbedAppTests.m; sourceTree = "<group>"; };
/* End PBXFileReference section */

/* Begin PBXFrameworksBuildPhase section */
		DEE7EFC51A96ECD400D56710 /* Frameworks */ = {
			isa = PBXFrameworksBuildPhase;
			buildActionMask = 2147483647;
			files = (
			);
			runOnlyForDeploymentPostprocessing = 0;
		};
		DEE7EFE11A96ECD400D56710 /* Frameworks */ = {
			isa = PBXFrameworksBuildPhase;
			buildActionMask = 2147483647;
			files = (
			);
			runOnlyForDeploymentPostprocessing = 0;
		};
/* End PBXFrameworksBuildPhase section */

/* Begin PBXGroup section */
		DEE7EFBF1A96ECD400D56710 = {
			isa = PBXGroup;
			children = (
				DEE7EFCA1A96ECD400D56710 /* TabbedApp */,
				DEE7EFE71A96ECD400D56710 /* TabbedAppTests */,
				DEE7EFC91A96ECD400D56710 /* Products */,
			);
			sourceTree = "<group>";
		};
		DEE7EFC91A96ECD400D56710 /* Products */ = {
			isa = PBXGroup;
			children = (
				DEE7EFC81A96ECD400D56710 /* TabbedApp.app */,
				DEE7EFE41A96ECD400D56710 /* TabbedAppTests.xctest */,
			);
			name = Products;
			sourceTree = "<group>";
		};
		DEE7EFCA1A96ECD400D56710 /* TabbedApp */ = {
			isa = PBXGroup;
			children = (
				DEE7EFCF1A96ECD400D56710 /* AppDelegate.h */,
				DEE7EFD01A96ECD400D56710 /* AppDelegate.m */,
				DEE7EFD21A96ECD400D56710 /* FirstViewController.h */,
				DEE7EFD31A96ECD400D56710 /* FirstViewController.m */,
				DEE7EFD51A96ECD400D56710 /* SecondViewController.h */,
				DEE7EFD61A96ECD400D56710 /* SecondViewController.m */,
				DEE7EFD81A96ECD400D56710 /* Main.storyboard */,
				DEE7EFDB1A96ECD400D56710 /* Images.xcassets */,
				DEE7EFDD1A96ECD400D56710 /* LaunchScreen.xib */,
				DEE7EFCB1A96ECD400D56710 /* Supporting Files */,
			);
			path = TabbedApp;
			sourceTree = "<group>";
		};
		DEE7EFCB1A96ECD400D56710 /* Supporting Files */ = {
			isa = PBXGroup;
			children = (
				DEE7EFCC1A96ECD400D56710 /* Info.plist */,
				DEE7EFCD1A96ECD400D56710 /* main.m */,
			);
			name = "Supporting Files";
			sourceTree = "<group>";
		};
		DEE7EFE71A96ECD400D56710 /* TabbedAppTests */ = {
			isa = PBXGroup;
			children = (
				DEE7EFEA1A96ECD400D56710 /* TabbedAppTests.m */,
				DEE7EFE81A96ECD400D56710 /* Supporting Files */,
			);
			path = TabbedAppTests;
			sourceTree = "<group>";
		};
		DEE7EFE81A96ECD400D56710 /* Supporting Files */ = {
			isa = PBXGroup;
			children = (
				DEE7EFE91A96ECD400D56710 /* Info.plist */,
			);
			name = "Supporting Files";
			sourceTree = "<group>";
		};
/* End PBXGroup section */

/* Begin PBXNativeTarget section */
		DEE7EFC71A96ECD400D56710 /* TabbedApp */ = {
			isa = PBXNativeTarget;
			buildConfigurationList = DEE7EFEE1A96ECD400D56710 /* Build configuration list for PBXNativeTarget "TabbedApp" */;
			buildPhases = (
				DEE7EFC41A96ECD400D56710 /* Sources */,
				DEE7EFC51A96ECD400D56710 /* Frameworks */,
				DEE7EFC61A96ECD400D56710 /* Resources */,
			);
			buildRules = (
			);
			dependencies = (
			);
			name = TabbedApp;
			productName = TabbedApp;
			productReference = DEE7EFC81A96ECD400D56710 /* TabbedApp.app */;
			productType = "com.apple.product-type.application";
		};
		DEE7EFE31A96ECD400D56710 /* TabbedAppTests */ = {
			isa = PBXNativeTarget;
			buildConfigurationList = DEE7EFF11A96ECD400D56710 /* Build configuration list for PBXNativeTarget "TabbedAppTests" */;
			buildPhases = (
				DEE7EFE01A96ECD400D56710 /* Sources */,
				DEE7EFE11A96ECD400D56710 /* Frameworks */,
				DEE7EFE21A96ECD400D56710 /* Resources */,
			);
			buildRules = (
			);
			dependencies = (
				DEE7EFE61A96ECD400D56710 /* PBXTargetDependency */,
			);
			name = TabbedAppTests;
			productName = TabbedAppTests;
			productReference = DEE7EFE41A96ECD400D56710 /* TabbedAppTests.xctest */;
			productType = "com.apple.product-type.bundle.unit-test";
		};
/* End PBXNativeTarget section */

/* Begin PBXProject section */
		DEE7EFC01A96ECD400D56710 /* Project object */ = {
			isa = PBXProject;
			attributes = {
				LastUpgradeCheck = 0610;
				ORGANIZATIONNAME = "Field Nation";
				TargetAttributes = {
					DEE7EFC71A96ECD400D56710 = {
						CreatedOnToolsVersion = 6.1.1;
					};
					DEE7EFE31A96ECD400D56710 = {
						CreatedOnToolsVersion = 6.1.1;
						TestTargetID = DEE7EFC71A96ECD400D56710;
					};
				};
			};
			buildConfigurationList = DEE7EFC31A96ECD400D56710 /* Build configuration list for PBXProject "TabbedApp" */;
			compatibilityVersion = "Xcode 3.2";
			developmentRegion = English;
			hasScannedForEncodings = 0;
			knownRegions = (
				en,
				Base,
			);
			mainGroup = DEE7EFBF1A96ECD400D56710;
			productRefGroup = DEE7EFC91A96ECD400D56710 /* Products */;
			projectDirPath = "";
			projectRoot = "";
			targets = (
				DEE7EFC71A96ECD400D56710 /* TabbedApp */,
				DEE7EFE31A96ECD400D56710 /* TabbedAppTests */,
			);
		};
/* End PBXProject section */

/* Begin PBXResourcesBuildPhase section */
		DEE7EFC61A96ECD400D56710 /* Resources */ = {
			isa = PBXResourcesBuildPhase;
			buildActionMask = 2147483647;
			files = (
				DEE7EFDA1A96ECD400D56710 /* Main.storyboard in Resources */,
				DEE7EFDF1A96ECD400D56710 /* LaunchScreen.xib in Resources */,
				DEE7EFDC1A96ECD400D56710 /* Images.xcassets in Resources */,
			);
			runOnlyForDeploymentPostprocessing = 0;
		};
		DEE7EFE21A96ECD400D56710 /* Resources */ = {
			isa = PBXResourcesBuildPhase;
			buildActionMask = 2147483647;
			files = (
			);
			runOnlyForDeploymentPostprocessing = 0;
		};
/* End PBXResourcesBuildPhase section */

/* Begin PBXSourcesBuildPhase section */
		DEE7EFC41A96ECD400D56710 /* Sources */ = {
			isa = PBXSourcesBuildPhase;
			buildActionMask = 2147483647;
			files = (
				DEE7EFD71A96ECD400D56710 /* SecondViewController.m in Sources */,
				DEE7EFD11A96ECD400D56710 /* AppDelegate.m in Sources */,
				DEE7EFD41A96ECD400D56710 /* FirstViewController.m in Sources */,
				DEE7EFCE1A96ECD400D56710 /* main.m in Sources */,
			);
			runOnlyForDeploymentPostprocessing = 0;
		};
		DEE7EFE01A96ECD400D56710 /* Sources */ = {
			isa = PBXSourcesBuildPhase;
			buildActionMask = 2147483647;
			files = (
				DEE7EFEB1A96ECD400D56710 /* TabbedAppTests.m in Sources */,
			);
			runOnlyForDeploymentPostprocessing = 0;
		};
/* End PBXSourcesBuildPhase section */

/* Begin PBXTargetDependency section */
		DEE7EFE61A96ECD400D56710 /* PBXTargetDependency */ = {
			isa = PBXTargetDependency;
			target = DEE7EFC71A96ECD400D56710 /* TabbedApp */;
			targetProxy = DEE7EFE51A96ECD400D56710 /* PBXContainerItemProxy */;
		};
/* End PBXTargetDependency section */

/* Begin PBXVariantGroup section */
		DEE7EFD81A96ECD400D56710 /* Main.storyboard */ = {
			isa = PBXVariantGroup;
			children = (
				DEE7EFD91A96ECD400D56710 /* Base */,
			);
			name = Main.storyboard;
			sourceTree = "<group>";
		};
		DEE7EFDD1A96ECD400D56710 /* LaunchScreen.xib */ = {
			isa = PBXVariantGroup;
			children = (
				DEE7EFDE1A96ECD400D56710 /* Base */,
			);
			name = LaunchScreen.xib;
			sourceTree = "<group>";
		};
/* End PBXVariantGroup section */

/* Begin XCBuildConfiguration section */
		DEE7EFEC1A96ECD400D56710 /* Debug */ = {
			isa = XCBuildConfiguration;
			buildSettings = {
				ALWAYS_SEARCH_USER_PATHS = NO;
				CLANG_CXX_LANGUAGE_STANDARD = "gnu++0x";
				CLANG_CXX_LIBRARY = "libc++";
				CLANG_ENABLE_MODULES = YES;
				CLANG_ENABLE_OBJC_ARC = YES;
				CLANG_WARN_BOOL_CONVERSION = YES;
				CLANG_WARN_CONSTANT_CONVERSION = YES;
				CLANG_WARN_DIRECT_OBJC_ISA_USAGE = YES_ERROR;
				CLANG_WARN_EMPTY_BODY = YES;
				CLANG_WARN_ENUM_CONVERSION = YES;
				CLANG_WARN_INT_CONVERSION = YES;
				CLANG_WARN_OBJC_ROOT_CLASS = YES_ERROR;
				CLANG_WARN_UNREACHABLE_CODE = YES;
				CLANG_WARN__DUPLICATE_METHOD_MATCH = YES;
				"CODE_SIGN_IDENTITY[sdk=iphoneos*]" = "iPhone Developer";
				COPY_PHASE_STRIP = NO;
				ENABLE_STRICT_OBJC_MSGSEND = YES;
				GCC_C_LANGUAGE_STANDARD = gnu99;
				GCC_DYNAMIC_NO_PIC = NO;
				GCC_OPTIMIZATION_LEVEL = 0;
				GCC_PREPROCESSOR_DEFINITIONS = (
					"DEBUG=1",
					"$(inherited)",
				);
				GCC_SYMBOLS_PRIVATE_EXTERN = NO;
				GCC_WARN_64_TO_32_BIT_CONVERSION = YES;
				GCC_WARN_ABOUT_RETURN_TYPE = YES_ERROR;
				GCC_WARN_UNDECLARED_SELECTOR = YES;
				GCC_WARN_UNINITIALIZED_AUTOS = YES_AGGRESSIVE;
				GCC_WARN_UNUSED_FUNCTION = YES;
				GCC_WARN_UNUSED_VARIABLE = YES;
				IPHONEOS_DEPLOYMENT_TARGET = 8.1;
				MTL_ENABLE_DEBUG_INFO = YES;
				ONLY_ACTIVE_ARCH = YES;
				SDKROOT = iphoneos;
			};
			name = Debug;
		};
		DEE7EFED1A96ECD400D56710 /* Release */ = {
			isa = XCBuildConfiguration;
			buildSettings = {
				ALWAYS_SEARCH_USER_PATHS = NO;
				CLANG_CXX_LANGUAGE_STANDARD = "gnu++0x";
				CLANG_CXX_LIBRARY = "libc++";
				CLANG_ENABLE_MODULES = YES;
				CLANG_ENABLE_OBJC_ARC = YES;
				CLANG_WARN_BOOL_CONVERSION = YES;
				CLANG_WARN_CONSTANT_CONVERSION = YES;
				CLANG_WARN_DIRECT_OBJC_ISA_USAGE = YES_ERROR;
				CLANG_WARN_EMPTY_BODY = YES;
				CLANG_WARN_ENUM_CONVERSION = YES;
				CLANG_WARN_INT_CONVERSION = YES;
				CLANG_WARN_OBJC_ROOT_CLASS = YES_ERROR;
				CLANG_WARN_UNREACHABLE_CODE = YES;
				CLANG_WARN__DUPLICATE_METHOD_MATCH = YES;
				"CODE_SIGN_IDENTITY[sdk=iphoneos*]" = "iPhone Developer";
				COPY_PHASE_STRIP = YES;
				ENABLE_NS_ASSERTIONS = NO;
				ENABLE_STRICT_OBJC_MSGSEND = YES;
				GCC_C_LANGUAGE_STANDARD = gnu99;
				GCC_WARN_64_TO_32_BIT_CONVERSION = YES;
				GCC_WARN_ABOUT_RETURN_TYPE = YES_ERROR;
				GCC_WARN_UNDECLARED_SELECTOR = YES;
				GCC_WARN_UNINITIALIZED_AUTOS = YES_AGGRESSIVE;
				GCC_WARN_UNUSED_FUNCTION = YES;
				GCC_WARN_UNUSED_VARIABLE = YES;
				IPHONEOS_DEPLOYMENT_TARGET = 8.1;
				MTL_ENABLE_DEBUG_INFO = NO;
				SDKROOT = iphoneos;
				VALIDATE_PRODUCT = YES;
			};
			name = Release;
		};
		DEE7EFEF1A96ECD400D56710 /* Debug */ = {
			isa = XCBuildConfiguration;
			buildSettings = {
				ASSETCATALOG_COMPILER_APPICON_NAME = AppIcon;
				INFOPLIST_FILE = TabbedApp/Info.plist;
				IPHONEOS_DEPLOYMENT_TARGET = 7.1;
				LD_RUNPATH_SEARCH_PATHS = "$(inherited) @executable_path/Frameworks";
				PRODUCT_NAME = "$(TARGET_NAME)";
			};
			name = Debug;
		};
		DEE7EFF01A96ECD400D56710 /* Release */ = {
			isa = XCBuildConfiguration;
			buildSettings = {
				ASSETCATALOG_COMPILER_APPICON_NAME = AppIcon;
				INFOPLIST_FILE = TabbedApp/Info.plist;
				IPHONEOS_DEPLOYMENT_TARGET = 7.1;
				LD_RUNPATH_SEARCH_PATHS = "$(inherited) @executable_path/Frameworks";
				PRODUCT_NAME = "$(TARGET_NAME)";
			};
			name = Release;
		};
		DEE7EFF21A96ECD400D56710 /* Debug */ = {
			isa = XCBuildConfiguration;
			buildSettings = {
				BUNDLE_LOADER = "$(TEST_HOST)";
				FRAMEWORK_SEARCH_PATHS = (
					"$(SDKROOT)/Developer/Library/Frameworks",
					"$(inherited)",
				);
				GCC_PREPROCESSOR_DEFINITIONS = (
					"DEBUG=1",
					"$(inherited)",
				);
				INFOPLIST_FILE = TabbedAppTests/Info.plist;
				LD_RUNPATH_SEARCH_PATHS = "$(inherited) @executable_path/Frameworks @loader_path/Frameworks";
				PRODUCT_NAME = "$(TARGET_NAME)";
				TEST_HOST = "$(BUILT_PRODUCTS_DIR)/TabbedApp.app/TabbedApp";
			};
			name = Debug;
		};
		DEE7EFF31A96ECD400D56710 /* Release */ = {
			isa = XCBuildConfiguration;
			buildSettings = {
				BUNDLE_LOADER = "$(TEST_HOST)";
				FRAMEWORK_SEARCH_PATHS = (
					"$(SDKROOT)/Developer/Library/Frameworks",
					"$(inherited)",
				);
				INFOPLIST_FILE = TabbedAppTests/Info.plist;
				LD_RUNPATH_SEARCH_PATHS = "$(inherited) @executable_path/Frameworks @loader_path/Frameworks";
				PRODUCT_NAME = "$(TARGET_NAME)";
				TEST_HOST = "$(BUILT_PRODUCTS_DIR)/TabbedApp.app/TabbedApp";
			};
			name = Release;
		};
/* End XCBuildConfiguration section */

/* Begin XCConfigurationList section */
		DEE7EFC31A96ECD400D56710 /* Build configuration list for PBXProject "TabbedApp" */ = {
			isa = XCConfigurationList;
			buildConfigurations = (
				DEE7EFEC1A96ECD400D56710 /* Debug */,
				DEE7EFED1A96ECD400D56710 /* Release */,
			);
			defaultConfigurationIsVisible = 0;
			defaultConfigurationName = Release;
		};
		DEE7EFEE1A96ECD400D56710 /* Build configuration list for PBXNativeTarget "TabbedApp" */ = {
			isa = XCConfigurationList;
			buildConfigurations = (
				DEE7EFEF1A96ECD400D56710 /* Debug */,
				DEE7EFF01A96ECD400D56710 /* Release */,
			);
			defaultConfigurationIsVisible = 0;
		};
		DEE7EFF11A96ECD400D56710 /* Build configuration list for PBXNativeTarget "TabbedAppTests" */ = {
			isa = XCConfigurationList;
			buildConfigurations = (
				DEE7EFF21A96ECD400D56710 /* Debug */,
				DEE7EFF31A96ECD400D56710 /* Release */,
			);
			defaultConfigurationIsVisible = 0;
		};
/* End XCConfigurationList section */
	};
	rootObject = DEE7EFC01A96ECD400D56710 /* Project object */;
}
