// !$*UTF8*$!
{
	archiveVersion = 1;
	classes = {
	};
	objectVersion = 46;
	objects = {

/* Begin PBXBuildFile section */
		DEE7EF9C1A96E9E600D56710 /* main.m in Sources */ = {isa = PBXBuildFile; fileRef = DEE7EF9B1A96E9E600D56710 /* main.m */; };
		DEE7EF9F1A96E9E600D56710 /* AppDelegate.m in Sources */ = {isa = PBXBuildFile; fileRef = DEE7EF9E1A96E9E600D56710 /* AppDelegate.m */; };
		DEE7EFA21A96E9E600D56710 /* ViewController.m in Sources */ = {isa = PBXBuildFile; fileRef = DEE7EFA11A96E9E600D56710 /* ViewController.m */; };
		DEE7EFA51A96E9E600D56710 /* Main.storyboard in Resources */ = {isa = PBXBuildFile; fileRef = DEE7EFA31A96E9E600D56710 /* Main.storyboard */; };
		DEE7EFA71A96E9E600D56710 /* Images.xcassets in Resources */ = {isa = PBXBuildFile; fileRef = DEE7EFA61A96E9E600D56710 /* Images.xcassets */; };
		DEE7EFAA1A96E9E600D56710 /* LaunchScreen.xib in Resources */ = {isa = PBXBuildFile; fileRef = DEE7EFA81A96E9E600D56710 /* LaunchScreen.xib */; };
		DEE7EFB61A96E9E600D56710 /* YellowTests.m in Sources */ = {isa = PBXBuildFile; fileRef = DEE7EFB51A96E9E600D56710 /* YellowTests.m */; };
/* End PBXBuildFile section */

/* Begin PBXContainerItemProxy section */
		DEE7EFB01A96E9E600D56710 /* PBXContainerItemProxy */ = {
			isa = PBXContainerItemProxy;
			containerPortal = DEE7EF8E1A96E9E600D56710 /* Project object */;
			proxyType = 1;
			remoteGlobalIDString = DEE7EF951A96E9E600D56710;
			remoteInfo = Yellow;
		};
/* End PBXContainerItemProxy section */

/* Begin PBXFileReference section */
		DEE7EF961A96E9E600D56710 /* Yellow.app */ = {isa = PBXFileReference; explicitFileType = wrapper.application; includeInIndex = 0; path = Yellow.app; sourceTree = BUILT_PRODUCTS_DIR; };
		DEE7EF9A1A96E9E600D56710 /* Info.plist */ = {isa = PBXFileReference; lastKnownFileType = text.plist.xml; path = Info.plist; sourceTree = "<group>"; };
		DEE7EF9B1A96E9E600D56710 /* main.m */ = {isa = PBXFileReference; lastKnownFileType = sourcecode.c.objc; path = main.m; sourceTree = "<group>"; };
		DEE7EF9D1A96E9E600D56710 /* AppDelegate.h */ = {isa = PBXFileReference; lastKnownFileType = sourcecode.c.h; path = AppDelegate.h; sourceTree = "<group>"; };
		DEE7EF9E1A96E9E600D56710 /* AppDelegate.m */ = {isa = PBXFileReference; lastKnownFileType = sourcecode.c.objc; path = AppDelegate.m; sourceTree = "<group>"; };
		DEE7EFA01A96E9E600D56710 /* ViewController.h */ = {isa = PBXFileReference; lastKnownFileType = sourcecode.c.h; path = ViewController.h; sourceTree = "<group>"; };
		DEE7EFA11A96E9E600D56710 /* ViewController.m */ = {isa = PBXFileReference; lastKnownFileType = sourcecode.c.objc; path = ViewController.m; sourceTree = "<group>"; };
		DEE7EFA41A96E9E600D56710 /* Base */ = {isa = PBXFileReference; lastKnownFileType = file.storyboard; name = Base; path = Base.lproj/Main.storyboard; sourceTree = "<group>"; };
		DEE7EFA61A96E9E600D56710 /* Images.xcassets */ = {isa = PBXFileReference; lastKnownFileType = folder.assetcatalog; path = Images.xcassets; sourceTree = "<group>"; };
		DEE7EFA91A96E9E600D56710 /* Base */ = {isa = PBXFileReference; lastKnownFileType = file.xib; name = Base; path = Base.lproj/LaunchScreen.xib; sourceTree = "<group>"; };
		DEE7EFAF1A96E9E600D56710 /* YellowTests.xctest */ = {isa = PBXFileReference; explicitFileType = wrapper.cfbundle; includeInIndex = 0; path = YellowTests.xctest; sourceTree = BUILT_PRODUCTS_DIR; };
		DEE7EFB41A96E9E600D56710 /* Info.plist */ = {isa = PBXFileReference; lastKnownFileType = text.plist.xml; path = Info.plist; sourceTree = "<group>"; };
		DEE7EFB51A96E9E600D56710 /* YellowTests.m */ = {isa = PBXFileReference; lastKnownFileType = sourcecode.c.objc; path = YellowTests.m; sourceTree = "<group>"; };
/* End PBXFileReference section */

/* Begin PBXFrameworksBuildPhase section */
		DEE7EF931A96E9E600D56710 /* Frameworks */ = {
			isa = PBXFrameworksBuildPhase;
			buildActionMask = 2147483647;
			files = (
			);
			runOnlyForDeploymentPostprocessing = 0;
		};
		DEE7EFAC1A96E9E600D56710 /* Frameworks */ = {
			isa = PBXFrameworksBuildPhase;
			buildActionMask = 2147483647;
			files = (
			);
			runOnlyForDeploymentPostprocessing = 0;
		};
/* End PBXFrameworksBuildPhase section */

/* Begin PBXGroup section */
		DEE7EF8D1A96E9E600D56710 = {
			isa = PBXGroup;
			children = (
				DEE7EF981A96E9E600D56710 /* Yellow */,
				DEE7EFB21A96E9E600D56710 /* YellowTests */,
				DEE7EF971A96E9E600D56710 /* Products */,
			);
			sourceTree = "<group>";
		};
		DEE7EF971A96E9E600D56710 /* Products */ = {
			isa = PBXGroup;
			children = (
				DEE7EF961A96E9E600D56710 /* Yellow.app */,
				DEE7EFAF1A96E9E600D56710 /* YellowTests.xctest */,
			);
			name = Products;
			sourceTree = "<group>";
		};
		DEE7EF981A96E9E600D56710 /* Yellow */ = {
			isa = PBXGroup;
			children = (
				DEE7EF9D1A96E9E600D56710 /* AppDelegate.h */,
				DEE7EF9E1A96E9E600D56710 /* AppDelegate.m */,
				DEE7EFA01A96E9E600D56710 /* ViewController.h */,
				DEE7EFA11A96E9E600D56710 /* ViewController.m */,
				DEE7EFA31A96E9E600D56710 /* Main.storyboard */,
				DEE7EFA61A96E9E600D56710 /* Images.xcassets */,
				DEE7EFA81A96E9E600D56710 /* LaunchScreen.xib */,
				DEE7EF991A96E9E600D56710 /* Supporting Files */,
			);
			path = Yellow;
			sourceTree = "<group>";
		};
		DEE7EF991A96E9E600D56710 /* Supporting Files */ = {
			isa = PBXGroup;
			children = (
				DEE7EF9A1A96E9E600D56710 /* Info.plist */,
				DEE7EF9B1A96E9E600D56710 /* main.m */,
			);
			name = "Supporting Files";
			sourceTree = "<group>";
		};
		DEE7EFB21A96E9E600D56710 /* YellowTests */ = {
			isa = PBXGroup;
			children = (
				DEE7EFB51A96E9E600D56710 /* YellowTests.m */,
				DEE7EFB31A96E9E600D56710 /* Supporting Files */,
			);
			path = YellowTests;
			sourceTree = "<group>";
		};
		DEE7EFB31A96E9E600D56710 /* Supporting Files */ = {
			isa = PBXGroup;
			children = (
				DEE7EFB41A96E9E600D56710 /* Info.plist */,
			);
			name = "Supporting Files";
			sourceTree = "<group>";
		};
/* End PBXGroup section */

/* Begin PBXNativeTarget section */
		DEE7EF951A96E9E600D56710 /* Yellow */ = {
			isa = PBXNativeTarget;
			buildConfigurationList = DEE7EFB91A96E9E600D56710 /* Build configuration list for PBXNativeTarget "Yellow" */;
			buildPhases = (
				DEE7EF921A96E9E600D56710 /* Sources */,
				DEE7EF931A96E9E600D56710 /* Frameworks */,
				DEE7EF941A96E9E600D56710 /* Resources */,
			);
			buildRules = (
			);
			dependencies = (
			);
			name = Yellow;
			productName = Yellow;
			productReference = DEE7EF961A96E9E600D56710 /* Yellow.app */;
			productType = "com.apple.product-type.application";
		};
		DEE7EFAE1A96E9E600D56710 /* YellowTests */ = {
			isa = PBXNativeTarget;
			buildConfigurationList = DEE7EFBC1A96E9E600D56710 /* Build configuration list for PBXNativeTarget "YellowTests" */;
			buildPhases = (
				DEE7EFAB1A96E9E600D56710 /* Sources */,
				DEE7EFAC1A96E9E600D56710 /* Frameworks */,
				DEE7EFAD1A96E9E600D56710 /* Resources */,
			);
			buildRules = (
			);
			dependencies = (
				DEE7EFB11A96E9E600D56710 /* PBXTargetDependency */,
			);
			name = YellowTests;
			productName = YellowTests;
			productReference = DEE7EFAF1A96E9E600D56710 /* YellowTests.xctest */;
			productType = "com.apple.product-type.bundle.unit-test";
		};
/* End PBXNativeTarget section */

/* Begin PBXProject section */
		DEE7EF8E1A96E9E600D56710 /* Project object */ = {
			isa = PBXProject;
			attributes = {
				LastUpgradeCheck = 0610;
				ORGANIZATIONNAME = "Field Nation";
				TargetAttributes = {
					DEE7EF951A96E9E600D56710 = {
						CreatedOnToolsVersion = 6.1.1;
					};
					DEE7EFAE1A96E9E600D56710 = {
						CreatedOnToolsVersion = 6.1.1;
						TestTargetID = DEE7EF951A96E9E600D56710;
					};
				};
			};
			buildConfigurationList = DEE7EF911A96E9E600D56710 /* Build configuration list for PBXProject "Yellow" */;
			compatibilityVersion = "Xcode 3.2";
			developmentRegion = English;
			hasScannedForEncodings = 0;
			knownRegions = (
				en,
				Base,
			);
			mainGroup = DEE7EF8D1A96E9E600D56710;
			productRefGroup = DEE7EF971A96E9E600D56710 /* Products */;
			projectDirPath = "";
			projectRoot = "";
			targets = (
				DEE7EF951A96E9E600D56710 /* Yellow */,
				DEE7EFAE1A96E9E600D56710 /* YellowTests */,
			);
		};
/* End PBXProject section */

/* Begin PBXResourcesBuildPhase section */
		DEE7EF941A96E9E600D56710 /* Resources */ = {
			isa = PBXResourcesBuildPhase;
			buildActionMask = 2147483647;
			files = (
				DEE7EFA51A96E9E600D56710 /* Main.storyboard in Resources */,
				DEE7EFAA1A96E9E600D56710 /* LaunchScreen.xib in Resources */,
				DEE7EFA71A96E9E600D56710 /* Images.xcassets in Resources */,
			);
			runOnlyForDeploymentPostprocessing = 0;
		};
		DEE7EFAD1A96E9E600D56710 /* Resources */ = {
			isa = PBXResourcesBuildPhase;
			buildActionMask = 2147483647;
			files = (
			);
			runOnlyForDeploymentPostprocessing = 0;
		};
/* End PBXResourcesBuildPhase section */

/* Begin PBXSourcesBuildPhase section */
		DEE7EF921A96E9E600D56710 /* Sources */ = {
			isa = PBXSourcesBuildPhase;
			buildActionMask = 2147483647;
			files = (
				DEE7EFA21A96E9E600D56710 /* ViewController.m in Sources */,
				DEE7EF9F1A96E9E600D56710 /* AppDelegate.m in Sources */,
				DEE7EF9C1A96E9E600D56710 /* main.m in Sources */,
			);
			runOnlyForDeploymentPostprocessing = 0;
		};
		DEE7EFAB1A96E9E600D56710 /* Sources */ = {
			isa = PBXSourcesBuildPhase;
			buildActionMask = 2147483647;
			files = (
				DEE7EFB61A96E9E600D56710 /* YellowTests.m in Sources */,
			);
			runOnlyForDeploymentPostprocessing = 0;
		};
/* End PBXSourcesBuildPhase section */

/* Begin PBXTargetDependency section */
		DEE7EFB11A96E9E600D56710 /* PBXTargetDependency */ = {
			isa = PBXTargetDependency;
			target = DEE7EF951A96E9E600D56710 /* Yellow */;
			targetProxy = DEE7EFB01A96E9E600D56710 /* PBXContainerItemProxy */;
		};
/* End PBXTargetDependency section */

/* Begin PBXVariantGroup section */
		DEE7EFA31A96E9E600D56710 /* Main.storyboard */ = {
			isa = PBXVariantGroup;
			children = (
				DEE7EFA41A96E9E600D56710 /* Base */,
			);
			name = Main.storyboard;
			sourceTree = "<group>";
		};
		DEE7EFA81A96E9E600D56710 /* LaunchScreen.xib */ = {
			isa = PBXVariantGroup;
			children = (
				DEE7EFA91A96E9E600D56710 /* Base */,
			);
			name = LaunchScreen.xib;
			sourceTree = "<group>";
		};
/* End PBXVariantGroup section */

/* Begin XCBuildConfiguration section */
		DEE7EFB71A96E9E600D56710 /* Debug */ = {
			isa = XCBuildConfiguration;
			buildSettings = {
				ALWAYS_SEARCH_USER_PATHS = NO;
				CLANG_CXX_LANGUAGE_STANDARD = "gnu++0x";
				CLANG_CXX_LIBRARY = "libc++";
				CLANG_ENABLE_MODULES = YES;
				CLANG_ENABLE_OBJC_ARC = YES;
				CLANG_WARN_BOOL_CONVERSION = YES;
				CLANG_WARN_CONSTANT_CONVERSION = YES;
				CLANG_WARN_DIRECT_OBJC_ISA_USAGE = YES_ERROR;
				CLANG_WARN_EMPTY_BODY = YES;
				CLANG_WARN_ENUM_CONVERSION = YES;
				CLANG_WARN_INT_CONVERSION = YES;
				CLANG_WARN_OBJC_ROOT_CLASS = YES_ERROR;
				CLANG_WARN_UNREACHABLE_CODE = YES;
				CLANG_WARN__DUPLICATE_METHOD_MATCH = YES;
				"CODE_SIGN_IDENTITY[sdk=iphoneos*]" = "iPhone Developer";
				COPY_PHASE_STRIP = NO;
				ENABLE_STRICT_OBJC_MSGSEND = YES;
				GCC_C_LANGUAGE_STANDARD = gnu99;
				GCC_DYNAMIC_NO_PIC = NO;
				GCC_OPTIMIZATION_LEVEL = 0;
				GCC_PREPROCESSOR_DEFINITIONS = (
					"DEBUG=1",
					"$(inherited)",
				);
				GCC_SYMBOLS_PRIVATE_EXTERN = NO;
				GCC_WARN_64_TO_32_BIT_CONVERSION = YES;
				GCC_WARN_ABOUT_RETURN_TYPE = YES_ERROR;
				GCC_WARN_UNDECLARED_SELECTOR = YES;
				GCC_WARN_UNINITIALIZED_AUTOS = YES_AGGRESSIVE;
				GCC_WARN_UNUSED_FUNCTION = YES;
				GCC_WARN_UNUSED_VARIABLE = YES;
				IPHONEOS_DEPLOYMENT_TARGET = 8.1;
				MTL_ENABLE_DEBUG_INFO = YES;
				ONLY_ACTIVE_ARCH = YES;
				SDKROOT = iphoneos;
			};
			name = Debug;
		};
		DEE7EFB81A96E9E600D56710 /* Release */ = {
			isa = XCBuildConfiguration;
			buildSettings = {
				ALWAYS_SEARCH_USER_PATHS = NO;
				CLANG_CXX_LANGUAGE_STANDARD = "gnu++0x";
				CLANG_CXX_LIBRARY = "libc++";
				CLANG_ENABLE_MODULES = YES;
				CLANG_ENABLE_OBJC_ARC = YES;
				CLANG_WARN_BOOL_CONVERSION = YES;
				CLANG_WARN_CONSTANT_CONVERSION = YES;
				CLANG_WARN_DIRECT_OBJC_ISA_USAGE = YES_ERROR;
				CLANG_WARN_EMPTY_BODY = YES;
				CLANG_WARN_ENUM_CONVERSION = YES;
				CLANG_WARN_INT_CONVERSION = YES;
				CLANG_WARN_OBJC_ROOT_CLASS = YES_ERROR;
				CLANG_WARN_UNREACHABLE_CODE = YES;
				CLANG_WARN__DUPLICATE_METHOD_MATCH = YES;
				"CODE_SIGN_IDENTITY[sdk=iphoneos*]" = "iPhone Developer";
				COPY_PHASE_STRIP = YES;
				ENABLE_NS_ASSERTIONS = NO;
				ENABLE_STRICT_OBJC_MSGSEND = YES;
				GCC_C_LANGUAGE_STANDARD = gnu99;
				GCC_WARN_64_TO_32_BIT_CONVERSION = YES;
				GCC_WARN_ABOUT_RETURN_TYPE = YES_ERROR;
				GCC_WARN_UNDECLARED_SELECTOR = YES;
				GCC_WARN_UNINITIALIZED_AUTOS = YES_AGGRESSIVE;
				GCC_WARN_UNUSED_FUNCTION = YES;
				GCC_WARN_UNUSED_VARIABLE = YES;
				IPHONEOS_DEPLOYMENT_TARGET = 8.1;
				MTL_ENABLE_DEBUG_INFO = NO;
				SDKROOT = iphoneos;
				VALIDATE_PRODUCT = YES;
			};
			name = Release;
		};
		DEE7EFBA1A96E9E600D56710 /* Debug */ = {
			isa = XCBuildConfiguration;
			buildSettings = {
				ASSETCATALOG_COMPILER_APPICON_NAME = AppIcon;
				INFOPLIST_FILE = Yellow/Info.plist;
				LD_RUNPATH_SEARCH_PATHS = "$(inherited) @executable_path/Frameworks";
				PRODUCT_NAME = "$(TARGET_NAME)";
			};
			name = Debug;
		};
		DEE7EFBB1A96E9E600D56710 /* Release */ = {
			isa = XCBuildConfiguration;
			buildSettings = {
				ASSETCATALOG_COMPILER_APPICON_NAME = AppIcon;
				INFOPLIST_FILE = Yellow/Info.plist;
				LD_RUNPATH_SEARCH_PATHS = "$(inherited) @executable_path/Frameworks";
				PRODUCT_NAME = "$(TARGET_NAME)";
			};
			name = Release;
		};
		DEE7EFBD1A96E9E600D56710 /* Debug */ = {
			isa = XCBuildConfiguration;
			buildSettings = {
				BUNDLE_LOADER = "$(TEST_HOST)";
				FRAMEWORK_SEARCH_PATHS = (
					"$(SDKROOT)/Developer/Library/Frameworks",
					"$(inherited)",
				);
				GCC_PREPROCESSOR_DEFINITIONS = (
					"DEBUG=1",
					"$(inherited)",
				);
				INFOPLIST_FILE = YellowTests/Info.plist;
				LD_RUNPATH_SEARCH_PATHS = "$(inherited) @executable_path/Frameworks @loader_path/Frameworks";
				PRODUCT_NAME = "$(TARGET_NAME)";
				TEST_HOST = "$(BUILT_PRODUCTS_DIR)/Yellow.app/Yellow";
			};
			name = Debug;
		};
		DEE7EFBE1A96E9E600D56710 /* Release */ = {
			isa = XCBuildConfiguration;
			buildSettings = {
				BUNDLE_LOADER = "$(TEST_HOST)";
				FRAMEWORK_SEARCH_PATHS = (
					"$(SDKROOT)/Developer/Library/Frameworks",
					"$(inherited)",
				);
				INFOPLIST_FILE = YellowTests/Info.plist;
				LD_RUNPATH_SEARCH_PATHS = "$(inherited) @executable_path/Frameworks @loader_path/Frameworks";
				PRODUCT_NAME = "$(TARGET_NAME)";
				TEST_HOST = "$(BUILT_PRODUCTS_DIR)/Yellow.app/Yellow";
			};
			name = Release;
		};
/* End XCBuildConfiguration section */

/* Begin XCConfigurationList section */
		DEE7EF911A96E9E600D56710 /* Build configuration list for PBXProject "Yellow" */ = {
			isa = XCConfigurationList;
			buildConfigurations = (
				DEE7EFB71A96E9E600D56710 /* Debug */,
				DEE7EFB81A96E9E600D56710 /* Release */,
			);
			defaultConfigurationIsVisible = 0;
			defaultConfigurationName = Release;
		};
		DEE7EFB91A96E9E600D56710 /* Build configuration list for PBXNativeTarget "Yellow" */ = {
			isa = XCConfigurationList;
			buildConfigurations = (
				DEE7EFBA1A96E9E600D56710 /* Debug */,
				DEE7EFBB1A96E9E600D56710 /* Release */,
			);
			defaultConfigurationIsVisible = 0;
		};
		DEE7EFBC1A96E9E600D56710 /* Build configuration list for PBXNativeTarget "YellowTests" */ = {
			isa = XCConfigurationList;
			buildConfigurations = (
				DEE7EFBD1A96E9E600D56710 /* Debug */,
				DEE7EFBE1A96E9E600D56710 /* Release */,
			);
			defaultConfigurationIsVisible = 0;
		};
/* End XCConfigurationList section */
	};
	rootObject = DEE7EF8E1A96E9E600D56710 /* Project object */;
}
