// !$*UTF8*$!
{
	archiveVersion = 1;
	classes = {
	};
	objectVersion = 46;
	objects = {

/* Begin PBXBuildFile section */
		DEE7F0031A96EE4A00D56710 /* main.m in Sources */ = {isa = PBXBuildFile; fileRef = DEE7F0021A96EE4A00D56710 /* main.m */; };
		DEE7F0061A96EE4A00D56710 /* AppDelegate.m in Sources */ = {isa = PBXBuildFile; fileRef = DEE7F0051A96EE4A00D56710 /* AppDelegate.m */; };
		DEE7F0091A96EE4A00D56710 /* ViewController.m in Sources */ = {isa = PBXBuildFile; fileRef = DEE7F0081A96EE4A00D56710 /* ViewController.m */; };
		DEE7F00C1A96EE4A00D56710 /* Main.storyboard in Resources */ = {isa = PBXBuildFile; fileRef = DEE7F00A1A96EE4A00D56710 /* Main.storyboard */; };
		DEE7F00E1A96EE4A00D56710 /* Images.xcassets in Resources */ = {isa = PBXBuildFile; fileRef = DEE7F00D1A96EE4A00D56710 /* Images.xcassets */; };
		DEE7F0111A96EE4A00D56710 /* LaunchScreen.xib in Resources */ = {isa = PBXBuildFile; fileRef = DEE7F00F1A96EE4A00D56710 /* LaunchScreen.xib */; };
		DEE7F01D1A96EE4A00D56710 /* CircleTests.m in Sources */ = {isa = PBXBuildFile; fileRef = DEE7F01C1A96EE4A00D56710 /* CircleTests.m */; };
/* End PBXBuildFile section */

/* Begin PBXContainerItemProxy section */
		DEE7F0171A96EE4A00D56710 /* PBXContainerItemProxy */ = {
			isa = PBXContainerItemProxy;
			containerPortal = DEE7EFF51A96EE4A00D56710 /* Project object */;
			proxyType = 1;
			remoteGlobalIDString = DEE7EFFC1A96EE4A00D56710;
			remoteInfo = Circle;
		};
/* End PBXContainerItemProxy section */

/* Begin PBXFileReference section */
		DEE7EFFD1A96EE4A00D56710 /* Circle.app */ = {isa = PBXFileReference; explicitFileType = wrapper.application; includeInIndex = 0; path = Circle.app; sourceTree = BUILT_PRODUCTS_DIR; };
		DEE7F0011A96EE4A00D56710 /* Info.plist */ = {isa = PBXFileReference; lastKnownFileType = text.plist.xml; path = Info.plist; sourceTree = "<group>"; };
		DEE7F0021A96EE4A00D56710 /* main.m */ = {isa = PBXFileReference; lastKnownFileType = sourcecode.c.objc; path = main.m; sourceTree = "<group>"; };
		DEE7F0041A96EE4A00D56710 /* AppDelegate.h */ = {isa = PBXFileReference; lastKnownFileType = sourcecode.c.h; path = AppDelegate.h; sourceTree = "<group>"; };
		DEE7F0051A96EE4A00D56710 /* AppDelegate.m */ = {isa = PBXFileReference; lastKnownFileType = sourcecode.c.objc; path = AppDelegate.m; sourceTree = "<group>"; };
		DEE7F0071A96EE4A00D56710 /* ViewController.h */ = {isa = PBXFileReference; lastKnownFileType = sourcecode.c.h; path = ViewController.h; sourceTree = "<group>"; };
		DEE7F0081A96EE4A00D56710 /* ViewController.m */ = {isa = PBXFileReference; lastKnownFileType = sourcecode.c.objc; path = ViewController.m; sourceTree = "<group>"; };
		DEE7F00B1A96EE4A00D56710 /* Base */ = {isa = PBXFileReference; lastKnownFileType = file.storyboard; name = Base; path = Base.lproj/Main.storyboard; sourceTree = "<group>"; };
		DEE7F00D1A96EE4A00D56710 /* Images.xcassets */ = {isa = PBXFileReference; lastKnownFileType = folder.assetcatalog; path = Images.xcassets; sourceTree = "<group>"; };
		DEE7F0101A96EE4A00D56710 /* Base */ = {isa = PBXFileReference; lastKnownFileType = file.xib; name = Base; path = Base.lproj/LaunchScreen.xib; sourceTree = "<group>"; };
		DEE7F0161A96EE4A00D56710 /* CircleTests.xctest */ = {isa = PBXFileReference; explicitFileType = wrapper.cfbundle; includeInIndex = 0; path = CircleTests.xctest; sourceTree = BUILT_PRODUCTS_DIR; };
		DEE7F01B1A96EE4A00D56710 /* Info.plist */ = {isa = PBXFileReference; lastKnownFileType = text.plist.xml; path = Info.plist; sourceTree = "<group>"; };
		DEE7F01C1A96EE4A00D56710 /* CircleTests.m */ = {isa = PBXFileReference; lastKnownFileType = sourcecode.c.objc; path = CircleTests.m; sourceTree = "<group>"; };
/* End PBXFileReference section */

/* Begin PBXFrameworksBuildPhase section */
		DEE7EFFA1A96EE4A00D56710 /* Frameworks */ = {
			isa = PBXFrameworksBuildPhase;
			buildActionMask = 2147483647;
			files = (
			);
			runOnlyForDeploymentPostprocessing = 0;
		};
		DEE7F0131A96EE4A00D56710 /* Frameworks */ = {
			isa = PBXFrameworksBuildPhase;
			buildActionMask = 2147483647;
			files = (
			);
			runOnlyForDeploymentPostprocessing = 0;
		};
/* End PBXFrameworksBuildPhase section */

/* Begin PBXGroup section */
		DEE7EFF41A96EE4A00D56710 = {
			isa = PBXGroup;
			children = (
				DEE7EFFF1A96EE4A00D56710 /* Circle */,
				DEE7F0191A96EE4A00D56710 /* CircleTests */,
				DEE7EFFE1A96EE4A00D56710 /* Products */,
			);
			sourceTree = "<group>";
		};
		DEE7EFFE1A96EE4A00D56710 /* Products */ = {
			isa = PBXGroup;
			children = (
				DEE7EFFD1A96EE4A00D56710 /* Circle.app */,
				DEE7F0161A96EE4A00D56710 /* CircleTests.xctest */,
			);
			name = Products;
			sourceTree = "<group>";
		};
		DEE7EFFF1A96EE4A00D56710 /* Circle */ = {
			isa = PBXGroup;
			children = (
				DEE7F0041A96EE4A00D56710 /* AppDelegate.h */,
				DEE7F0051A96EE4A00D56710 /* AppDelegate.m */,
				DEE7F0071A96EE4A00D56710 /* ViewController.h */,
				DEE7F0081A96EE4A00D56710 /* ViewController.m */,
				DEE7F00A1A96EE4A00D56710 /* Main.storyboard */,
				DEE7F00D1A96EE4A00D56710 /* Images.xcassets */,
				DEE7F00F1A96EE4A00D56710 /* LaunchScreen.xib */,
				DEE7F0001A96EE4A00D56710 /* Supporting Files */,
			);
			path = Circle;
			sourceTree = "<group>";
		};
		DEE7F0001A96EE4A00D56710 /* Supporting Files */ = {
			isa = PBXGroup;
			children = (
				DEE7F0011A96EE4A00D56710 /* Info.plist */,
				DEE7F0021A96EE4A00D56710 /* main.m */,
			);
			name = "Supporting Files";
			sourceTree = "<group>";
		};
		DEE7F0191A96EE4A00D56710 /* CircleTests */ = {
			isa = PBXGroup;
			children = (
				DEE7F01C1A96EE4A00D56710 /* CircleTests.m */,
				DEE7F01A1A96EE4A00D56710 /* Supporting Files */,
			);
			path = CircleTests;
			sourceTree = "<group>";
		};
		DEE7F01A1A96EE4A00D56710 /* Supporting Files */ = {
			isa = PBXGroup;
			children = (
				DEE7F01B1A96EE4A00D56710 /* Info.plist */,
			);
			name = "Supporting Files";
			sourceTree = "<group>";
		};
/* End PBXGroup section */

/* Begin PBXNativeTarget section */
		DEE7EFFC1A96EE4A00D56710 /* Circle */ = {
			isa = PBXNativeTarget;
			buildConfigurationList = DEE7F0201A96EE4A00D56710 /* Build configuration list for PBXNativeTarget "Circle" */;
			buildPhases = (
				DEE7EFF91A96EE4A00D56710 /* Sources */,
				DEE7EFFA1A96EE4A00D56710 /* Frameworks */,
				DEE7EFFB1A96EE4A00D56710 /* Resources */,
			);
			buildRules = (
			);
			dependencies = (
			);
			name = Circle;
			productName = Circle;
			productReference = DEE7EFFD1A96EE4A00D56710 /* Circle.app */;
			productType = "com.apple.product-type.application";
		};
		DEE7F0151A96EE4A00D56710 /* CircleTests */ = {
			isa = PBXNativeTarget;
			buildConfigurationList = DEE7F0231A96EE4A00D56710 /* Build configuration list for PBXNativeTarget "CircleTests" */;
			buildPhases = (
				DEE7F0121A96EE4A00D56710 /* Sources */,
				DEE7F0131A96EE4A00D56710 /* Frameworks */,
				DEE7F0141A96EE4A00D56710 /* Resources */,
			);
			buildRules = (
			);
			dependencies = (
				DEE7F0181A96EE4A00D56710 /* PBXTargetDependency */,
			);
			name = CircleTests;
			productName = CircleTests;
			productReference = DEE7F0161A96EE4A00D56710 /* CircleTests.xctest */;
			productType = "com.apple.product-type.bundle.unit-test";
		};
/* End PBXNativeTarget section */

/* Begin PBXProject section */
		DEE7EFF51A96EE4A00D56710 /* Project object */ = {
			isa = PBXProject;
			attributes = {
				LastUpgradeCheck = 0610;
				ORGANIZATIONNAME = "Field Nation";
				TargetAttributes = {
					DEE7EFFC1A96EE4A00D56710 = {
						CreatedOnToolsVersion = 6.1.1;
					};
					DEE7F0151A96EE4A00D56710 = {
						CreatedOnToolsVersion = 6.1.1;
						TestTargetID = DEE7EFFC1A96EE4A00D56710;
					};
				};
			};
			buildConfigurationList = DEE7EFF81A96EE4A00D56710 /* Build configuration list for PBXProject "Circle" */;
			compatibilityVersion = "Xcode 3.2";
			developmentRegion = English;
			hasScannedForEncodings = 0;
			knownRegions = (
				en,
				Base,
			);
			mainGroup = DEE7EFF41A96EE4A00D56710;
			productRefGroup = DEE7EFFE1A96EE4A00D56710 /* Products */;
			projectDirPath = "";
			projectRoot = "";
			targets = (
				DEE7EFFC1A96EE4A00D56710 /* Circle */,
				DEE7F0151A96EE4A00D56710 /* CircleTests */,
			);
		};
/* End PBXProject section */

/* Begin PBXResourcesBuildPhase section */
		DEE7EFFB1A96EE4A00D56710 /* Resources */ = {
			isa = PBXResourcesBuildPhase;
			buildActionMask = 2147483647;
			files = (
				DEE7F00C1A96EE4A00D56710 /* Main.storyboard in Resources */,
				DEE7F0111A96EE4A00D56710 /* LaunchScreen.xib in Resources */,
				DEE7F00E1A96EE4A00D56710 /* Images.xcassets in Resources */,
			);
			runOnlyForDeploymentPostprocessing = 0;
		};
		DEE7F0141A96EE4A00D56710 /* Resources */ = {
			isa = PBXResourcesBuildPhase;
			buildActionMask = 2147483647;
			files = (
			);
			runOnlyForDeploymentPostprocessing = 0;
		};
/* End PBXResourcesBuildPhase section */

/* Begin PBXSourcesBuildPhase section */
		DEE7EFF91A96EE4A00D56710 /* Sources */ = {
			isa = PBXSourcesBuildPhase;
			buildActionMask = 2147483647;
			files = (
				DEE7F0091A96EE4A00D56710 /* ViewController.m in Sources */,
				DEE7F0061A96EE4A00D56710 /* AppDelegate.m in Sources */,
				DEE7F0031A96EE4A00D56710 /* main.m in Sources */,
			);
			runOnlyForDeploymentPostprocessing = 0;
		};
		DEE7F0121A96EE4A00D56710 /* Sources */ = {
			isa = PBXSourcesBuildPhase;
			buildActionMask = 2147483647;
			files = (
				DEE7F01D1A96EE4A00D56710 /* CircleTests.m in Sources */,
			);
			runOnlyForDeploymentPostprocessing = 0;
		};
/* End PBXSourcesBuildPhase section */

/* Begin PBXTargetDependency section */
		DEE7F0181A96EE4A00D56710 /* PBXTargetDependency */ = {
			isa = PBXTargetDependency;
			target = DEE7EFFC1A96EE4A00D56710 /* Circle */;
			targetProxy = DEE7F0171A96EE4A00D56710 /* PBXContainerItemProxy */;
		};
/* End PBXTargetDependency section */

/* Begin PBXVariantGroup section */
		DEE7F00A1A96EE4A00D56710 /* Main.storyboard */ = {
			isa = PBXVariantGroup;
			children = (
				DEE7F00B1A96EE4A00D56710 /* Base */,
			);
			name = Main.storyboard;
			sourceTree = "<group>";
		};
		DEE7F00F1A96EE4A00D56710 /* LaunchScreen.xib */ = {
			isa = PBXVariantGroup;
			children = (
				DEE7F0101A96EE4A00D56710 /* Base */,
			);
			name = LaunchScreen.xib;
			sourceTree = "<group>";
		};
/* End PBXVariantGroup section */

/* Begin XCBuildConfiguration section */
		DEE7F01E1A96EE4A00D56710 /* Debug */ = {
			isa = XCBuildConfiguration;
			buildSettings = {
				ALWAYS_SEARCH_USER_PATHS = NO;
				CLANG_CXX_LANGUAGE_STANDARD = "gnu++0x";
				CLANG_CXX_LIBRARY = "libc++";
				CLANG_ENABLE_MODULES = YES;
				CLANG_ENABLE_OBJC_ARC = YES;
				CLANG_WARN_BOOL_CONVERSION = YES;
				CLANG_WARN_CONSTANT_CONVERSION = YES;
				CLANG_WARN_DIRECT_OBJC_ISA_USAGE = YES_ERROR;
				CLANG_WARN_EMPTY_BODY = YES;
				CLANG_WARN_ENUM_CONVERSION = YES;
				CLANG_WARN_INT_CONVERSION = YES;
				CLANG_WARN_OBJC_ROOT_CLASS = YES_ERROR;
				CLANG_WARN_UNREACHABLE_CODE = YES;
				CLANG_WARN__DUPLICATE_METHOD_MATCH = YES;
				"CODE_SIGN_IDENTITY[sdk=iphoneos*]" = "iPhone Developer";
				COPY_PHASE_STRIP = NO;
				ENABLE_STRICT_OBJC_MSGSEND = YES;
				GCC_C_LANGUAGE_STANDARD = gnu99;
				GCC_DYNAMIC_NO_PIC = NO;
				GCC_OPTIMIZATION_LEVEL = 0;
				GCC_PREPROCESSOR_DEFINITIONS = (
					"DEBUG=1",
					"$(inherited)",
				);
				GCC_SYMBOLS_PRIVATE_EXTERN = NO;
				GCC_WARN_64_TO_32_BIT_CONVERSION = YES;
				GCC_WARN_ABOUT_RETURN_TYPE = YES_ERROR;
				GCC_WARN_UNDECLARED_SELECTOR = YES;
				GCC_WARN_UNINITIALIZED_AUTOS = YES_AGGRESSIVE;
				GCC_WARN_UNUSED_FUNCTION = YES;
				GCC_WARN_UNUSED_VARIABLE = YES;
				IPHONEOS_DEPLOYMENT_TARGET = 8.1;
				MTL_ENABLE_DEBUG_INFO = YES;
				ONLY_ACTIVE_ARCH = YES;
				SDKROOT = iphoneos;
			};
			name = Debug;
		};
		DEE7F01F1A96EE4A00D56710 /* Release */ = {
			isa = XCBuildConfiguration;
			buildSettings = {
				ALWAYS_SEARCH_USER_PATHS = NO;
				CLANG_CXX_LANGUAGE_STANDARD = "gnu++0x";
				CLANG_CXX_LIBRARY = "libc++";
				CLANG_ENABLE_MODULES = YES;
				CLANG_ENABLE_OBJC_ARC = YES;
				CLANG_WARN_BOOL_CONVERSION = YES;
				CLANG_WARN_CONSTANT_CONVERSION = YES;
				CLANG_WARN_DIRECT_OBJC_ISA_USAGE = YES_ERROR;
				CLANG_WARN_EMPTY_BODY = YES;
				CLANG_WARN_ENUM_CONVERSION = YES;
				CLANG_WARN_INT_CONVERSION = YES;
				CLANG_WARN_OBJC_ROOT_CLASS = YES_ERROR;
				CLANG_WARN_UNREACHABLE_CODE = YES;
				CLANG_WARN__DUPLICATE_METHOD_MATCH = YES;
				"CODE_SIGN_IDENTITY[sdk=iphoneos*]" = "iPhone Developer";
				COPY_PHASE_STRIP = YES;
				ENABLE_NS_ASSERTIONS = NO;
				ENABLE_STRICT_OBJC_MSGSEND = YES;
				GCC_C_LANGUAGE_STANDARD = gnu99;
				GCC_WARN_64_TO_32_BIT_CONVERSION = YES;
				GCC_WARN_ABOUT_RETURN_TYPE = YES_ERROR;
				GCC_WARN_UNDECLARED_SELECTOR = YES;
				GCC_WARN_UNINITIALIZED_AUTOS = YES_AGGRESSIVE;
				GCC_WARN_UNUSED_FUNCTION = YES;
				GCC_WARN_UNUSED_VARIABLE = YES;
				IPHONEOS_DEPLOYMENT_TARGET = 8.1;
				MTL_ENABLE_DEBUG_INFO = NO;
				SDKROOT = iphoneos;
				VALIDATE_PRODUCT = YES;
			};
			name = Release;
		};
		DEE7F0211A96EE4A00D56710 /* Debug */ = {
			isa = XCBuildConfiguration;
			buildSettings = {
				ASSETCATALOG_COMPILER_APPICON_NAME = AppIcon;
				INFOPLIST_FILE = Circle/Info.plist;
				LD_RUNPATH_SEARCH_PATHS = "$(inherited) @executable_path/Frameworks";
				PRODUCT_NAME = "$(TARGET_NAME)";
			};
			name = Debug;
		};
		DEE7F0221A96EE4A00D56710 /* Release */ = {
			isa = XCBuildConfiguration;
			buildSettings = {
				ASSETCATALOG_COMPILER_APPICON_NAME = AppIcon;
				INFOPLIST_FILE = Circle/Info.plist;
				LD_RUNPATH_SEARCH_PATHS = "$(inherited) @executable_path/Frameworks";
				PRODUCT_NAME = "$(TARGET_NAME)";
			};
			name = Release;
		};
		DEE7F0241A96EE4A00D56710 /* Debug */ = {
			isa = XCBuildConfiguration;
			buildSettings = {
				BUNDLE_LOADER = "$(TEST_HOST)";
				FRAMEWORK_SEARCH_PATHS = (
					"$(SDKROOT)/Developer/Library/Frameworks",
					"$(inherited)",
				);
				GCC_PREPROCESSOR_DEFINITIONS = (
					"DEBUG=1",
					"$(inherited)",
				);
				INFOPLIST_FILE = CircleTests/Info.plist;
				LD_RUNPATH_SEARCH_PATHS = "$(inherited) @executable_path/Frameworks @loader_path/Frameworks";
				PRODUCT_NAME = "$(TARGET_NAME)";
				TEST_HOST = "$(BUILT_PRODUCTS_DIR)/Circle.app/Circle";
			};
			name = Debug;
		};
		DEE7F0251A96EE4A00D56710 /* Release */ = {
			isa = XCBuildConfiguration;
			buildSettings = {
				BUNDLE_LOADER = "$(TEST_HOST)";
				FRAMEWORK_SEARCH_PATHS = (
					"$(SDKROOT)/Developer/Library/Frameworks",
					"$(inherited)",
				);
				INFOPLIST_FILE = CircleTests/Info.plist;
				LD_RUNPATH_SEARCH_PATHS = "$(inherited) @executable_path/Frameworks @loader_path/Frameworks";
				PRODUCT_NAME = "$(TARGET_NAME)";
				TEST_HOST = "$(BUILT_PRODUCTS_DIR)/Circle.app/Circle";
			};
			name = Release;
		};
/* End XCBuildConfiguration section */

/* Begin XCConfigurationList section */
		DEE7EFF81A96EE4A00D56710 /* Build configuration list for PBXProject "Circle" */ = {
			isa = XCConfigurationList;
			buildConfigurations = (
				DEE7F01E1A96EE4A00D56710 /* Debug */,
				DEE7F01F1A96EE4A00D56710 /* Release */,
			);
			defaultConfigurationIsVisible = 0;
			defaultConfigurationName = Release;
		};
		DEE7F0201A96EE4A00D56710 /* Build configuration list for PBXNativeTarget "Circle" */ = {
			isa = XCConfigurationList;
			buildConfigurations = (
				DEE7F0211A96EE4A00D56710 /* Debug */,
				DEE7F0221A96EE4A00D56710 /* Release */,
			);
			defaultConfigurationIsVisible = 0;
		};
		DEE7F0231A96EE4A00D56710 /* Build configuration list for PBXNativeTarget "CircleTests" */ = {
			isa = XCConfigurationList;
			buildConfigurations = (
				DEE7F0241A96EE4A00D56710 /* Debug */,
				DEE7F0251A96EE4A00D56710 /* Release */,
			);
			defaultConfigurationIsVisible = 0;
		};
/* End XCConfigurationList section */
	};
	rootObject = DEE7EFF51A96EE4A00D56710 /* Project object */;
}
