// !$*UTF8*$!
{
	archiveVersion = 1;
	classes = {
	};
	objectVersion = 46;
	objects = {

/* Begin PBXBuildFile section */
		DE256C571A71FE9300FF990E /* main.m in Sources */ = {isa = PBXBuildFile; fileRef = DE256C561A71FE9300FF990E /* main.m */; };
		DE256C5A1A71FE9300FF990E /* AppDelegate.m in Sources */ = {isa = PBXBuildFile; fileRef = DE256C591A71FE9300FF990E /* AppDelegate.m */; };
		DE256C5D1A71FE9300FF990E /* ViewController.m in Sources */ = {isa = PBXBuildFile; fileRef = DE256C5C1A71FE9300FF990E /* ViewController.m */; };
		DE256C601A71FE9300FF990E /* Main.storyboard in Resources */ = {isa = PBXBuildFile; fileRef = DE256C5E1A71FE9300FF990E /* Main.storyboard */; };
		DE256C621A71FE9300FF990E /* Images.xcassets in Resources */ = {isa = PBXBuildFile; fileRef = DE256C611A71FE9300FF990E /* Images.xcassets */; };
		DE256C651A71FE9300FF990E /* LaunchScreen.xib in Resources */ = {isa = PBXBuildFile; fileRef = DE256C631A71FE9300FF990E /* LaunchScreen.xib */; };
		DE256C711A71FE9400FF990E /* Field_Nation_TaskTests.m in Sources */ = {isa = PBXBuildFile; fileRef = DE256C701A71FE9400FF990E /* Field_Nation_TaskTests.m */; };
/* End PBXBuildFile section */

/* Begin PBXContainerItemProxy section */
		DE256C6B1A71FE9400FF990E /* PBXContainerItemProxy */ = {
			isa = PBXContainerItemProxy;
			containerPortal = DE256C491A71FE9300FF990E /* Project object */;
			proxyType = 1;
			remoteGlobalIDString = DE256C501A71FE9300FF990E;
			remoteInfo = "Field Nation Task";
		};
/* End PBXContainerItemProxy section */

/* Begin PBXFileReference section */
		DE256C511A71FE9300FF990E /* Field Nation Task.app */ = {isa = PBXFileReference; explicitFileType = wrapper.application; includeInIndex = 0; path = "Field Nation Task.app"; sourceTree = BUILT_PRODUCTS_DIR; };
		DE256C551A71FE9300FF990E /* Info.plist */ = {isa = PBXFileReference; lastKnownFileType = text.plist.xml; path = Info.plist; sourceTree = "<group>"; };
		DE256C561A71FE9300FF990E /* main.m */ = {isa = PBXFileReference; lastKnownFileType = sourcecode.c.objc; path = main.m; sourceTree = "<group>"; };
		DE256C581A71FE9300FF990E /* AppDelegate.h */ = {isa = PBXFileReference; lastKnownFileType = sourcecode.c.h; path = AppDelegate.h; sourceTree = "<group>"; };
		DE256C591A71FE9300FF990E /* AppDelegate.m */ = {isa = PBXFileReference; lastKnownFileType = sourcecode.c.objc; path = AppDelegate.m; sourceTree = "<group>"; };
		DE256C5B1A71FE9300FF990E /* ViewController.h */ = {isa = PBXFileReference; lastKnownFileType = sourcecode.c.h; path = ViewController.h; sourceTree = "<group>"; };
		DE256C5C1A71FE9300FF990E /* ViewController.m */ = {isa = PBXFileReference; lastKnownFileType = sourcecode.c.objc; path = ViewController.m; sourceTree = "<group>"; };
		DE256C5F1A71FE9300FF990E /* Base */ = {isa = PBXFileReference; lastKnownFileType = file.storyboard; name = Base; path = Base.lproj/Main.storyboard; sourceTree = "<group>"; };
		DE256C611A71FE9300FF990E /* Images.xcassets */ = {isa = PBXFileReference; lastKnownFileType = folder.assetcatalog; path = Images.xcassets; sourceTree = "<group>"; };
		DE256C641A71FE9300FF990E /* Base */ = {isa = PBXFileReference; lastKnownFileType = file.xib; name = Base; path = Base.lproj/LaunchScreen.xib; sourceTree = "<group>"; };
		DE256C6A1A71FE9400FF990E /* Field Nation TaskTests.xctest */ = {isa = PBXFileReference; explicitFileType = wrapper.cfbundle; includeInIndex = 0; path = "Field Nation TaskTests.xctest"; sourceTree = BUILT_PRODUCTS_DIR; };
		DE256C6F1A71FE9400FF990E /* Info.plist */ = {isa = PBXFileReference; lastKnownFileType = text.plist.xml; path = Info.plist; sourceTree = "<group>"; };
		DE256C701A71FE9400FF990E /* Field_Nation_TaskTests.m */ = {isa = PBXFileReference; lastKnownFileType = sourcecode.c.objc; path = Field_Nation_TaskTests.m; sourceTree = "<group>"; };
/* End PBXFileReference section */

/* Begin PBXFrameworksBuildPhase section */
		DE256C4E1A71FE9300FF990E /* Frameworks */ = {
			isa = PBXFrameworksBuildPhase;
			buildActionMask = 2147483647;
			files = (
			);
			runOnlyForDeploymentPostprocessing = 0;
		};
		DE256C671A71FE9400FF990E /* Frameworks */ = {
			isa = PBXFrameworksBuildPhase;
			buildActionMask = 2147483647;
			files = (
			);
			runOnlyForDeploymentPostprocessing = 0;
		};
/* End PBXFrameworksBuildPhase section */

/* Begin PBXGroup section */
		DE256C481A71FE9300FF990E = {
			isa = PBXGroup;
			children = (
				DE256C531A71FE9300FF990E /* Field Nation Task */,
				DE256C6D1A71FE9400FF990E /* Field Nation TaskTests */,
				DE256C521A71FE9300FF990E /* Products */,
			);
			sourceTree = "<group>";
		};
		DE256C521A71FE9300FF990E /* Products */ = {
			isa = PBXGroup;
			children = (
				DE256C511A71FE9300FF990E /* Field Nation Task.app */,
				DE256C6A1A71FE9400FF990E /* Field Nation TaskTests.xctest */,
			);
			name = Products;
			sourceTree = "<group>";
		};
		DE256C531A71FE9300FF990E /* Field Nation Task */ = {
			isa = PBXGroup;
			children = (
				DE256C581A71FE9300FF990E /* AppDelegate.h */,
				DE256C591A71FE9300FF990E /* AppDelegate.m */,
				DE256C5B1A71FE9300FF990E /* ViewController.h */,
				DE256C5C1A71FE9300FF990E /* ViewController.m */,
				DE256C5E1A71FE9300FF990E /* Main.storyboard */,
				DE256C611A71FE9300FF990E /* Images.xcassets */,
				DE256C631A71FE9300FF990E /* LaunchScreen.xib */,
				DE256C541A71FE9300FF990E /* Supporting Files */,
			);
			path = "Field Nation Task";
			sourceTree = "<group>";
		};
		DE256C541A71FE9300FF990E /* Supporting Files */ = {
			isa = PBXGroup;
			children = (
				DE256C551A71FE9300FF990E /* Info.plist */,
				DE256C561A71FE9300FF990E /* main.m */,
			);
			name = "Supporting Files";
			sourceTree = "<group>";
		};
		DE256C6D1A71FE9400FF990E /* Field Nation TaskTests */ = {
			isa = PBXGroup;
			children = (
				DE256C701A71FE9400FF990E /* Field_Nation_TaskTests.m */,
				DE256C6E1A71FE9400FF990E /* Supporting Files */,
			);
			path = "Field Nation TaskTests";
			sourceTree = "<group>";
		};
		DE256C6E1A71FE9400FF990E /* Supporting Files */ = {
			isa = PBXGroup;
			children = (
				DE256C6F1A71FE9400FF990E /* Info.plist */,
			);
			name = "Supporting Files";
			sourceTree = "<group>";
		};
/* End PBXGroup section */

/* Begin PBXNativeTarget section */
		DE256C501A71FE9300FF990E /* Field Nation Task */ = {
			isa = PBXNativeTarget;
			buildConfigurationList = DE256C741A71FE9400FF990E /* Build configuration list for PBXNativeTarget "Field Nation Task" */;
			buildPhases = (
				DE256C4D1A71FE9300FF990E /* Sources */,
				DE256C4E1A71FE9300FF990E /* Frameworks */,
				DE256C4F1A71FE9300FF990E /* Resources */,
			);
			buildRules = (
			);
			dependencies = (
			);
			name = "Field Nation Task";
			productName = "Field Nation Task";
			productReference = DE256C511A71FE9300FF990E /* Field Nation Task.app */;
			productType = "com.apple.product-type.application";
		};
		DE256C691A71FE9400FF990E /* Field Nation TaskTests */ = {
			isa = PBXNativeTarget;
			buildConfigurationList = DE256C771A71FE9400FF990E /* Build configuration list for PBXNativeTarget "Field Nation TaskTests" */;
			buildPhases = (
				DE256C661A71FE9400FF990E /* Sources */,
				DE256C671A71FE9400FF990E /* Frameworks */,
				DE256C681A71FE9400FF990E /* Resources */,
			);
			buildRules = (
			);
			dependencies = (
				DE256C6C1A71FE9400FF990E /* PBXTargetDependency */,
			);
			name = "Field Nation TaskTests";
			productName = "Field Nation TaskTests";
			productReference = DE256C6A1A71FE9400FF990E /* Field Nation TaskTests.xctest */;
			productType = "com.apple.product-type.bundle.unit-test";
		};
/* End PBXNativeTarget section */

/* Begin PBXProject section */
		DE256C491A71FE9300FF990E /* Project object */ = {
			isa = PBXProject;
			attributes = {
				LastUpgradeCheck = 0610;
				ORGANIZATIONNAME = Ashish;
				TargetAttributes = {
					DE256C501A71FE9300FF990E = {
						CreatedOnToolsVersion = 6.1.1;
					};
					DE256C691A71FE9400FF990E = {
						CreatedOnToolsVersion = 6.1.1;
						TestTargetID = DE256C501A71FE9300FF990E;
					};
				};
			};
			buildConfigurationList = DE256C4C1A71FE9300FF990E /* Build configuration list for PBXProject "Field Nation Task" */;
			compatibilityVersion = "Xcode 3.2";
			developmentRegion = English;
			hasScannedForEncodings = 0;
			knownRegions = (
				en,
				Base,
			);
			mainGroup = DE256C481A71FE9300FF990E;
			productRefGroup = DE256C521A71FE9300FF990E /* Products */;
			projectDirPath = "";
			projectRoot = "";
			targets = (
				DE256C501A71FE9300FF990E /* Field Nation Task */,
				DE256C691A71FE9400FF990E /* Field Nation TaskTests */,
			);
		};
/* End PBXProject section */

/* Begin PBXResourcesBuildPhase section */
		DE256C4F1A71FE9300FF990E /* Resources */ = {
			isa = PBXResourcesBuildPhase;
			buildActionMask = 2147483647;
			files = (
				DE256C601A71FE9300FF990E /* Main.storyboard in Resources */,
				DE256C651A71FE9300FF990E /* LaunchScreen.xib in Resources */,
				DE256C621A71FE9300FF990E /* Images.xcassets in Resources */,
			);
			runOnlyForDeploymentPostprocessing = 0;
		};
		DE256C681A71FE9400FF990E /* Resources */ = {
			isa = PBXResourcesBuildPhase;
			buildActionMask = 2147483647;
			files = (
			);
			runOnlyForDeploymentPostprocessing = 0;
		};
/* End PBXResourcesBuildPhase section */

/* Begin PBXSourcesBuildPhase section */
		DE256C4D1A71FE9300FF990E /* Sources */ = {
			isa = PBXSourcesBuildPhase;
			buildActionMask = 2147483647;
			files = (
				DE256C5D1A71FE9300FF990E /* ViewController.m in Sources */,
				DE256C5A1A71FE9300FF990E /* AppDelegate.m in Sources */,
				DE256C571A71FE9300FF990E /* main.m in Sources */,
			);
			runOnlyForDeploymentPostprocessing = 0;
		};
		DE256C661A71FE9400FF990E /* Sources */ = {
			isa = PBXSourcesBuildPhase;
			buildActionMask = 2147483647;
			files = (
				DE256C711A71FE9400FF990E /* Field_Nation_TaskTests.m in Sources */,
			);
			runOnlyForDeploymentPostprocessing = 0;
		};
/* End PBXSourcesBuildPhase section */

/* Begin PBXTargetDependency section */
		DE256C6C1A71FE9400FF990E /* PBXTargetDependency */ = {
			isa = PBXTargetDependency;
			target = DE256C501A71FE9300FF990E /* Field Nation Task */;
			targetProxy = DE256C6B1A71FE9400FF990E /* PBXContainerItemProxy */;
		};
/* End PBXTargetDependency section */

/* Begin PBXVariantGroup section */
		DE256C5E1A71FE9300FF990E /* Main.storyboard */ = {
			isa = PBXVariantGroup;
			children = (
				DE256C5F1A71FE9300FF990E /* Base */,
			);
			name = Main.storyboard;
			sourceTree = "<group>";
		};
		DE256C631A71FE9300FF990E /* LaunchScreen.xib */ = {
			isa = PBXVariantGroup;
			children = (
				DE256C641A71FE9300FF990E /* Base */,
			);
			name = LaunchScreen.xib;
			sourceTree = "<group>";
		};
/* End PBXVariantGroup section */

/* Begin XCBuildConfiguration section */
		DE256C721A71FE9400FF990E /* Debug */ = {
			isa = XCBuildConfiguration;
			buildSettings = {
				ALWAYS_SEARCH_USER_PATHS = NO;
				CLANG_CXX_LANGUAGE_STANDARD = "gnu++0x";
				CLANG_CXX_LIBRARY = "libc++";
				CLANG_ENABLE_MODULES = YES;
				CLANG_ENABLE_OBJC_ARC = YES;
				CLANG_WARN_BOOL_CONVERSION = YES;
				CLANG_WARN_CONSTANT_CONVERSION = YES;
				CLANG_WARN_DIRECT_OBJC_ISA_USAGE = YES_ERROR;
				CLANG_WARN_EMPTY_BODY = YES;
				CLANG_WARN_ENUM_CONVERSION = YES;
				CLANG_WARN_INT_CONVERSION = YES;
				CLANG_WARN_OBJC_ROOT_CLASS = YES_ERROR;
				CLANG_WARN_UNREACHABLE_CODE = YES;
				CLANG_WARN__DUPLICATE_METHOD_MATCH = YES;
				"CODE_SIGN_IDENTITY[sdk=iphoneos*]" = "iPhone Developer";
				COPY_PHASE_STRIP = NO;
				ENABLE_STRICT_OBJC_MSGSEND = YES;
				GCC_C_LANGUAGE_STANDARD = gnu99;
				GCC_DYNAMIC_NO_PIC = NO;
				GCC_OPTIMIZATION_LEVEL = 0;
				GCC_PREPROCESSOR_DEFINITIONS = (
					"DEBUG=1",
					"$(inherited)",
				);
				GCC_SYMBOLS_PRIVATE_EXTERN = NO;
				GCC_WARN_64_TO_32_BIT_CONVERSION = YES;
				GCC_WARN_ABOUT_RETURN_TYPE = YES_ERROR;
				GCC_WARN_UNDECLARED_SELECTOR = YES;
				GCC_WARN_UNINITIALIZED_AUTOS = YES_AGGRESSIVE;
				GCC_WARN_UNUSED_FUNCTION = YES;
				GCC_WARN_UNUSED_VARIABLE = YES;
				IPHONEOS_DEPLOYMENT_TARGET = 8.1;
				MTL_ENABLE_DEBUG_INFO = YES;
				ONLY_ACTIVE_ARCH = YES;
				SDKROOT = iphoneos;
			};
			name = Debug;
		};
		DE256C731A71FE9400FF990E /* Release */ = {
			isa = XCBuildConfiguration;
			buildSettings = {
				ALWAYS_SEARCH_USER_PATHS = NO;
				CLANG_CXX_LANGUAGE_STANDARD = "gnu++0x";
				CLANG_CXX_LIBRARY = "libc++";
				CLANG_ENABLE_MODULES = YES;
				CLANG_ENABLE_OBJC_ARC = YES;
				CLANG_WARN_BOOL_CONVERSION = YES;
				CLANG_WARN_CONSTANT_CONVERSION = YES;
				CLANG_WARN_DIRECT_OBJC_ISA_USAGE = YES_ERROR;
				CLANG_WARN_EMPTY_BODY = YES;
				CLANG_WARN_ENUM_CONVERSION = YES;
				CLANG_WARN_INT_CONVERSION = YES;
				CLANG_WARN_OBJC_ROOT_CLASS = YES_ERROR;
				CLANG_WARN_UNREACHABLE_CODE = YES;
				CLANG_WARN__DUPLICATE_METHOD_MATCH = YES;
				"CODE_SIGN_IDENTITY[sdk=iphoneos*]" = "iPhone Developer";
				COPY_PHASE_STRIP = YES;
				ENABLE_NS_ASSERTIONS = NO;
				ENABLE_STRICT_OBJC_MSGSEND = YES;
				GCC_C_LANGUAGE_STANDARD = gnu99;
				GCC_WARN_64_TO_32_BIT_CONVERSION = YES;
				GCC_WARN_ABOUT_RETURN_TYPE = YES_ERROR;
				GCC_WARN_UNDECLARED_SELECTOR = YES;
				GCC_WARN_UNINITIALIZED_AUTOS = YES_AGGRESSIVE;
				GCC_WARN_UNUSED_FUNCTION = YES;
				GCC_WARN_UNUSED_VARIABLE = YES;
				IPHONEOS_DEPLOYMENT_TARGET = 8.1;
				MTL_ENABLE_DEBUG_INFO = NO;
				SDKROOT = iphoneos;
				VALIDATE_PRODUCT = YES;
			};
			name = Release;
		};
		DE256C751A71FE9400FF990E /* Debug */ = {
			isa = XCBuildConfiguration;
			buildSettings = {
				ASSETCATALOG_COMPILER_APPICON_NAME = AppIcon;
				INFOPLIST_FILE = "Field Nation Task/Info.plist";
				LD_RUNPATH_SEARCH_PATHS = "$(inherited) @executable_path/Frameworks";
				PRODUCT_NAME = "$(TARGET_NAME)";
			};
			name = Debug;
		};
		DE256C761A71FE9400FF990E /* Release */ = {
			isa = XCBuildConfiguration;
			buildSettings = {
				ASSETCATALOG_COMPILER_APPICON_NAME = AppIcon;
				INFOPLIST_FILE = "Field Nation Task/Info.plist";
				LD_RUNPATH_SEARCH_PATHS = "$(inherited) @executable_path/Frameworks";
				PRODUCT_NAME = "$(TARGET_NAME)";
			};
			name = Release;
		};
		DE256C781A71FE9400FF990E /* Debug */ = {
			isa = XCBuildConfiguration;
			buildSettings = {
				BUNDLE_LOADER = "$(TEST_HOST)";
				FRAMEWORK_SEARCH_PATHS = (
					"$(SDKROOT)/Developer/Library/Frameworks",
					"$(inherited)",
				);
				GCC_PREPROCESSOR_DEFINITIONS = (
					"DEBUG=1",
					"$(inherited)",
				);
				INFOPLIST_FILE = "Field Nation TaskTests/Info.plist";
				LD_RUNPATH_SEARCH_PATHS = "$(inherited) @executable_path/Frameworks @loader_path/Frameworks";
				PRODUCT_NAME = "$(TARGET_NAME)";
				TEST_HOST = "$(BUILT_PRODUCTS_DIR)/Field Nation Task.app/Field Nation Task";
			};
			name = Debug;
		};
		DE256C791A71FE9400FF990E /* Release */ = {
			isa = XCBuildConfiguration;
			buildSettings = {
				BUNDLE_LOADER = "$(TEST_HOST)";
				FRAMEWORK_SEARCH_PATHS = (
					"$(SDKROOT)/Developer/Library/Frameworks",
					"$(inherited)",
				);
				INFOPLIST_FILE = "Field Nation TaskTests/Info.plist";
				LD_RUNPATH_SEARCH_PATHS = "$(inherited) @executable_path/Frameworks @loader_path/Frameworks";
				PRODUCT_NAME = "$(TARGET_NAME)";
				TEST_HOST = "$(BUILT_PRODUCTS_DIR)/Field Nation Task.app/Field Nation Task";
			};
			name = Release;
		};
/* End XCBuildConfiguration section */

/* Begin XCConfigurationList section */
		DE256C4C1A71FE9300FF990E /* Build configuration list for PBXProject "Field Nation Task" */ = {
			isa = XCConfigurationList;
			buildConfigurations = (
				DE256C721A71FE9400FF990E /* Debug */,
				DE256C731A71FE9400FF990E /* Release */,
			);
			defaultConfigurationIsVisible = 0;
			defaultConfigurationName = Release;
		};
		DE256C741A71FE9400FF990E /* Build configuration list for PBXNativeTarget "Field Nation Task" */ = {
			isa = XCConfigurationList;
			buildConfigurations = (
				DE256C751A71FE9400FF990E /* Debug */,
				DE256C761A71FE9400FF990E /* Release */,
			);
			defaultConfigurationIsVisible = 0;
		};
		DE256C771A71FE9400FF990E /* Build configuration list for PBXNativeTarget "Field Nation TaskTests" */ = {
			isa = XCConfigurationList;
			buildConfigurations = (
				DE256C781A71FE9400FF990E /* Debug */,
				DE256C791A71FE9400FF990E /* Release */,
			);
			defaultConfigurationIsVisible = 0;
		};
/* End XCConfigurationList section */
	};
	rootObject = DE256C491A71FE9300FF990E /* Project object */;
}
